
Microsoft Visual Studio Solution File, Format Version 12.00
# Visual Studio 15
VisualStudioVersion = 15.0.28307.168
MinimumVisualStudioVersion = 10.0.40219.1
Project("{8BC9CEB8-8B4A-11D0-8D11-00A0C91BC942}") = "BenchPressJerry", "BenchPressJerry\BenchPressJerry.vcxproj", "{05A45ADF-8B8D-464D-889A-20AAFF0BEB99}"
EndProject
Global
	GlobalSection(SolutionConfigurationPlatforms) = preSolution
		Debug|x64 = Debug|x64
		Debug|x86 = Debug|x86
		Release|x64 = Release|x64
		Release|x86 = Release|x86
	EndGlobalSection
	GlobalSection(ProjectConfigurationPlatforms) = postSolution
		{05A45ADF-8B8D-464D-889A-20AAFF0BEB99}.Debug|x64.ActiveCfg = Debug|x64
		{05A45ADF-8B8D-464D-889A-20AAFF0BEB99}.Debug|x64.Build.0 = Debug|x64
		{05A45ADF-8B8D-464D-889A-20AAFF0BEB99}.Debug|x86.ActiveCfg = Debug|Win32
		{05A45ADF-8B8D-464D-889A-20AAFF0BEB99}.Debug|x86.Build.0 = Debug|Win32
		{05A45ADF-8B8D-464D-889A-20AAFF0BEB99}.Release|x64.ActiveCfg = Release|x64
		{05A45ADF-8B8D-464D-889A-20AAFF0BEB99}.Release|x64.Build.0 = Release|x64
		{05A45ADF-8B8D-464D-889A-20AAFF0BEB99}.Release|x86.ActiveCfg = Release|Win32
		{05A45ADF-8B8D-464D-889A-20AAFF0BEB99}.Release|x86.Build.0 = Release|Win32
	EndGlobalSection
	GlobalSection(SolutionProperties) = preSolution
		HideSolutionNode = FALSE
	EndGlobalSection
	GlobalSection(ExtensibilityGlobals) = postSolution
		SolutionGuid = {D6A483C1-771C-4F7B-B7A9-02E0B4A4172C}
	EndGlobalSection
EndGlobal
